Microsoft Visual Studio Solution File, Format Version 12.00
# Visual Studio Version 17
VisualStudioVersion = 17.5.2.0
MinimumVisualStudioVersion = 10.0.40219.1
Project("{FAE04EC0-301F-11D3-BF4B-00C04F79EFBC}") = "Demo.CICD.Api", "Demo.CICD.Api.csproj", "{53D3A198-0351-0A0E-4FF0-BBC56FE479C5}"
EndProject
Global
	GlobalSection(SolutionConfigurationPlatforms) = preSolution
		Debug|Any CPU = Debug|Any CPU
		Release|Any CPU = Release|Any CPU
	EndGlobalSection
	GlobalSection(ProjectConfigurationPlatforms) = postSolution
		{53D3A198-0351-0A0E-4FF0-BBC56FE479C5}.Debug|Any CPU.ActiveCfg = Debug|Any CPU
		{53D3A198-0351-0A0E-4FF0-BBC56FE479C5}.Debug|Any CPU.Build.0 = Debug|Any CPU
		{53D3A198-0351-0A0E-4FF0-BBC56FE479C5}.Release|Any CPU.ActiveCfg = Release|Any CPU
		{53D3A198-0351-0A0E-4FF0-BBC56FE479C5}.Release|Any CPU.Build.0 = Release|Any CPU
	EndGlobalSection
	GlobalSection(SolutionProperties) = preSolution
		HideSolutionNode = FALSE
	EndGlobalSection
	GlobalSection(ExtensibilityGlobals) = postSolution
		SolutionGuid = {B8BE77C9-8DA4-485B-B796-20D14F37E971}
	EndGlobalSection
EndGlobal
